
Microsoft Visual Studio Solution File, Format Version 12.00
# Visual Studio Version 16
VisualStudioVersion = 16.0.30413.136
MinimumVisualStudioVersion = 10.0.40219.1
Project("{9A19103F-16F7-4668-BE54-9A1E7A4F7556}") = "ExampleForKevinWithApi", "ExampleForKevinWithApi\ExampleForKevinWithApi.csproj", "{B6EB5D20-1DDC-4D6F-B0B7-E6D7319982D2}"
EndProject
Project("{9A19103F-16F7-4668-BE54-9A1E7A4F7556}") = "ExampleForKevin.Data", "ExampleForKevin.Data\ExampleForKevin.Data.csproj", "{B6EA8A70-4D16-42C9-A6C5-C7473558078F}"
EndProject
Global
	GlobalSection(SolutionConfigurationPlatforms) = preSolution
		Debug|Any CPU = Debug|Any CPU
		Release|Any CPU = Release|Any CPU
	EndGlobalSection
	GlobalSection(ProjectConfigurationPlatforms) = postSolution
		{B6EB5D20-1DDC-4D6F-B0B7-E6D7319982D2}.Debug|Any CPU.ActiveCfg = Debug|Any CPU
		{B6EB5D20-1DDC-4D6F-B0B7-E6D7319982D2}.Debug|Any CPU.Build.0 = Debug|Any CPU
		{B6EB5D20-1DDC-4D6F-B0B7-E6D7319982D2}.Release|Any CPU.ActiveCfg = Release|Any CPU
		{B6EB5D20-1DDC-4D6F-B0B7-E6D7319982D2}.Release|Any CPU.Build.0 = Release|Any CPU
		{B6EA8A70-4D16-42C9-A6C5-C7473558078F}.Debug|Any CPU.ActiveCfg = Debug|Any CPU
		{B6EA8A70-4D16-42C9-A6C5-C7473558078F}.Debug|Any CPU.Build.0 = Debug|Any CPU
		{B6EA8A70-4D16-42C9-A6C5-C7473558078F}.Release|Any CPU.ActiveCfg = Release|Any CPU
		{B6EA8A70-4D16-42C9-A6C5-C7473558078F}.Release|Any CPU.Build.0 = Release|Any CPU
	EndGlobalSection
	GlobalSection(SolutionProperties) = preSolution
		HideSolutionNode = FALSE
	EndGlobalSection
	GlobalSection(ExtensibilityGlobals) = postSolution
		SolutionGuid = {A617D9A5-E53A-4A50-9327-CD887D61773B}
	EndGlobalSection
EndGlobal
